
Microsoft Visual Studio Solution File, Format Version 12.00
# Visual Studio Version 17
VisualStudioVersion = 17.0.31903.59
MinimumVisualStudioVersion = 10.0.40219.1
Project("{FAE04EC0-301F-11D3-BF4B-00C04F79EFBC}") = "DotNetProject.Api", "src\DotNetProject.Api\DotNetProject.Api.csproj", "{9002F698-AEA8-4A10-A356-DA91E71740A3}"
EndProject
Project("{FAE04EC0-301F-11D3-BF4B-00C04F79EFBC}") = "DotNetProject.Tests", "tests\DotNetProject.Tests\DotNetProject.Tests.csproj", "{A74768FD-9252-4969-BEC4-D96038D9D500}"
EndProject
Global
	GlobalSection(SolutionConfigurationPlatforms) = preSolution
		Debug|Any CPU = Debug|Any CPU
		Release|Any CPU = Release|Any CPU
	EndGlobalSection
	GlobalSection(SolutionProperties) = preSolution
		HideSolutionNode = FALSE
	EndGlobalSection
	GlobalSection(ProjectConfigurationPlatforms) = postSolution
		{9002F698-AEA8-4A10-A356-DA91E71740A3}.Debug|Any CPU.ActiveCfg = Debug|Any CPU
		{9002F698-AEA8-4A10-A356-DA91E71740A3}.Debug|Any CPU.Build.0 = Debug|Any CPU
		{9002F698-AEA8-4A10-A356-DA91E71740A3}.Release|Any CPU.ActiveCfg = Release|Any CPU
		{9002F698-AEA8-4A10-A356-DA91E71740A3}.Release|Any CPU.Build.0 = Release|Any CPU
		{A74768FD-9252-4969-BEC4-D96038D9D500}.Debug|Any CPU.ActiveCfg = Debug|Any CPU
		{A74768FD-9252-4969-BEC4-D96038D9D500}.Debug|Any CPU.Build.0 = Debug|Any CPU
		{A74768FD-9252-4969-BEC4-D96038D9D500}.Release|Any CPU.ActiveCfg = Release|Any CPU
		{A74768FD-9252-4969-BEC4-D96038D9D500}.Release|Any CPU.Build.0 = Release|Any CPU
	EndGlobalSection
EndGlobal
